
Microsoft Visual Studio Solution File, Format Version 12.00
# Visual Studio 15
VisualStudioVersion = 15.0.28010.2036
MinimumVisualStudioVersion = 10.0.40219.1
Project("{FAE04EC0-301F-11D3-BF4B-00C04F79EFBC}") = "RichTextBoxPrintCtrl", "RichTextBoxPrintCtrl\RichTextBoxPrintCtrl.csproj", "{4AD8419B-2C0A-4E63-997D-D6D55D63D1BF}"
EndProject
Global
	GlobalSection(SolutionConfigurationPlatforms) = preSolution
		Debug|Any CPU = Debug|Any CPU
		Release|Any CPU = Release|Any CPU
	EndGlobalSection
	GlobalSection(ProjectConfigurationPlatforms) = postSolution
		{4AD8419B-2C0A-4E63-997D-D6D55D63D1BF}.Debug|Any CPU.ActiveCfg = Debug|Any CPU
		{4AD8419B-2C0A-4E63-997D-D6D55D63D1BF}.Debug|Any CPU.Build.0 = Debug|Any CPU
		{4AD8419B-2C0A-4E63-997D-D6D55D63D1BF}.Release|Any CPU.ActiveCfg = Release|Any CPU
		{4AD8419B-2C0A-4E63-997D-D6D55D63D1BF}.Release|Any CPU.Build.0 = Release|Any CPU
	EndGlobalSection
	GlobalSection(SolutionProperties) = preSolution
		HideSolutionNode = FALSE
	EndGlobalSection
	GlobalSection(ExtensibilityGlobals) = postSolution
		SolutionGuid = {2E20EE55-B064-4790-BC88-D81AE0AD264F}
	EndGlobalSection
EndGlobal
